
Microsoft Visual Studio Solution File, Format Version 12.00
# Visual Studio Version 17
VisualStudioVersion = 17.2.32519.379
MinimumVisualStudioVersion = 10.0.40219.1
Project("{FAE04EC0-301F-11D3-BF4B-00C04F79EFBC}") = "ConsoleApp1", "ConsoleApp1.csproj", "{A87E698E-48BB-42AA-99D5-F2FDF1B4DF55}"
EndProject
Global
	GlobalSection(SolutionConfigurationPlatforms) = preSolution
		Debug|Any CPU = Debug|Any CPU
		Release|Any CPU = Release|Any CPU
	EndGlobalSection
	GlobalSection(ProjectConfigurationPlatforms) = postSolution
		{A87E698E-48BB-42AA-99D5-F2FDF1B4DF55}.Debug|Any CPU.ActiveCfg = Debug|Any CPU
		{A87E698E-48BB-42AA-99D5-F2FDF1B4DF55}.Debug|Any CPU.Build.0 = Debug|Any CPU
		{A87E698E-48BB-42AA-99D5-F2FDF1B4DF55}.Release|Any CPU.ActiveCfg = Release|Any CPU
		{A87E698E-48BB-42AA-99D5-F2FDF1B4DF55}.Release|Any CPU.Build.0 = Release|Any CPU
	EndGlobalSection
	GlobalSection(SolutionProperties) = preSolution
		HideSolutionNode = FALSE
	EndGlobalSection
	GlobalSection(ExtensibilityGlobals) = postSolution
		SolutionGuid = {C90920E2-745E-4E9F-A1D3-4CA8D5B3252C}
	EndGlobalSection
EndGlobal
